
Microsoft Visual Studio Solution File, Format Version 12.00
# Visual Studio Version 16
VisualStudioVersion = 16.0.31424.327
MinimumVisualStudioVersion = 10.0.40219.1
Project("{9A19103F-16F7-4668-BE54-9A1E7A4F7556}") = "ChatAPI", "ChatAPI.csproj", "{03A5293A-0AC6-4B1A-9B55-90425A3B0F37}"
EndProject
Global
	GlobalSection(SolutionConfigurationPlatforms) = preSolution
		Debug|Any CPU = Debug|Any CPU
		Release|Any CPU = Release|Any CPU
	EndGlobalSection
	GlobalSection(ProjectConfigurationPlatforms) = postSolution
		{03A5293A-0AC6-4B1A-9B55-90425A3B0F37}.Debug|Any CPU.ActiveCfg = Debug|Any CPU
		{03A5293A-0AC6-4B1A-9B55-90425A3B0F37}.Debug|Any CPU.Build.0 = Debug|Any CPU
		{03A5293A-0AC6-4B1A-9B55-90425A3B0F37}.Release|Any CPU.ActiveCfg = Release|Any CPU
		{03A5293A-0AC6-4B1A-9B55-90425A3B0F37}.Release|Any CPU.Build.0 = Release|Any CPU
	EndGlobalSection
	GlobalSection(SolutionProperties) = preSolution
		HideSolutionNode = FALSE
	EndGlobalSection
	GlobalSection(ExtensibilityGlobals) = postSolution
		SolutionGuid = {B523D973-C69C-4D3B-9486-0FFA8FDDA4B6}
	EndGlobalSection
EndGlobal
